{
	"name": "ilastlog",
	"version": "0.3.0-beta.0",
	"lockfileVersion": 3,
	"requires": true,
	"packages": {
		"": {
			"name": "ilastlog",
			"version": "0.3.0-beta.0",
			"license": "MIT",
			"dependencies": {
				"commander": "^13.1.0",
				"lodash": "^4.17.21",
				"module-alias": "^2.2.3",
				"printf": "^0.6.1"
			},
			"bin": {
				"ilastlog": "bin/ilastlogCLI.js",
				"ilastlogSh": "bin/ilastlogCLI.sh"
			}
		},
		"node_modules/commander": {
			"version": "13.1.0",
			"resolved": "https://registry.npmjs.org/commander/-/commander-13.1.0.tgz",
			"integrity": "sha512-/rFeCpNJQbhSZjGVwO9RFV3xPqbnERS8MmIQzCtD/zl6gpJuV/bMLuN92oG3F7d8oDEHHRrujSXNUr8fpjntKw==",
			"engines": {
				"node": ">=18"
			}
		},
		"node_modules/lodash": {
			"version": "4.17.21",
			"resolved": "https://registry.npmjs.org/lodash/-/lodash-4.17.21.tgz",
			"integrity": "sha512-v2kDEe57lecTulaDIuNTPy3Ry4gLGJ6Z1O3vE1krgXZNrsQ+LFTGHVxVjcXPs17LhbZVGedAJv8XZ1tvj5FvSg=="
		},
		"node_modules/module-alias": {
			"version": "2.2.3",
			"resolved": "https://registry.npmjs.org/module-alias/-/module-alias-2.2.3.tgz",
			"integrity": "sha512-23g5BFj4zdQL/b6tor7Ji+QY4pEfNH784BMslY9Qb0UnJWRAt+lQGLYmRaM0KDBwIG23ffEBELhZDP2rhi9f/Q=="
		},
		"node_modules/printf": {
			"version": "0.6.1",
			"resolved": "https://registry.npmjs.org/printf/-/printf-0.6.1.tgz",
			"integrity": "sha512-is0ctgGdPJ5951KulgfzvHGwJtZ5ck8l042vRkV6jrkpBzTmb/lueTqguWHy2JfVA+RY6gFVlaZgUS0j7S/dsw==",
			"engines": {
				"node": ">= 0.9.0"
			}
		}
	}
}
